
Microsoft Visual Studio Solution File, Format Version 12.00
# Visual Studio Version 17
VisualStudioVersion = 17.13.35919.96 d17.13
MinimumVisualStudioVersion = 10.0.40219.1
Project("{FAE04EC0-301F-11D3-BF4B-00C04F79EFBC}") = "AITest", "AITest\AITest.csproj", "{ABAC0AD7-A6F0-4F4F-8FF4-B14244E66683}"
EndProject
Global
	GlobalSection(SolutionConfigurationPlatforms) = preSolution
		Debug|Any CPU = Debug|Any CPU
		Release|Any CPU = Release|Any CPU
	EndGlobalSection
	GlobalSection(ProjectConfigurationPlatforms) = postSolution
		{ABAC0AD7-A6F0-4F4F-8FF4-B14244E66683}.Debug|Any CPU.ActiveCfg = Debug|Any CPU
		{ABAC0AD7-A6F0-4F4F-8FF4-B14244E66683}.Debug|Any CPU.Build.0 = Debug|Any CPU
		{ABAC0AD7-A6F0-4F4F-8FF4-B14244E66683}.Release|Any CPU.ActiveCfg = Release|Any CPU
		{ABAC0AD7-A6F0-4F4F-8FF4-B14244E66683}.Release|Any CPU.Build.0 = Release|Any CPU
	EndGlobalSection
	GlobalSection(SolutionProperties) = preSolution
		HideSolutionNode = FALSE
	EndGlobalSection
	GlobalSection(ExtensibilityGlobals) = postSolution
		SolutionGuid = {B450E899-DD67-4F04-A807-E212E1802990}
	EndGlobalSection
EndGlobal
